// !$*UTF8*$!
{
	archiveVersion = 1;
	classes = {
	};
	objectVersion = 56;
	objects = {

/* Begin PBXBuildFile section */
		D8620D0B2BA474D100CB575F /* quizeappApp.swift in Sources */ = {isa = PBXBuildFile; fileRef = D8620D0A2BA474D100CB575F /* quizeappApp.swift */; };
		D8620D0D2BA474D100CB575F /* ContentView.swift in Sources */ = {isa = PBXBuildFile; fileRef = D8620D0C2BA474D100CB575F /* ContentView.swift */; };
		D8620D0F2BA474D300CB575F /* Assets.xcassets in Resources */ = {isa = PBXBuildFile; fileRef = D8620D0E2BA474D300CB575F /* Assets.xcassets */; };
		D8620D122BA474D300CB575F /* Preview Assets.xcassets in Resources */ = {isa = PBXBuildFile; fileRef = D8620D112BA474D300CB575F /* Preview Assets.xcassets */; };
		D8620D1C2BA474D300CB575F /* quizeappTests.swift in Sources */ = {isa = PBXBuildFile; fileRef = D8620D1B2BA474D300CB575F /* quizeappTests.swift */; };
		D8620D262BA474D300CB575F /* quizeappUITests.swift in Sources */ = {isa = PBXBuildFile; fileRef = D8620D252BA474D300CB575F /* quizeappUITests.swift */; };
		D8620D282BA474D300CB575F /* quizeappUITestsLaunchTests.swift in Sources */ = {isa = PBXBuildFile; fileRef = D8620D272BA474D300CB575F /* quizeappUITestsLaunchTests.swift */; };
		D8620D352BA476DE00CB575F /* Question.swift in Sources */ = {isa = PBXBuildFile; fileRef = D8620D342BA476DE00CB575F /* Question.swift */; };
		D8620D372BA4775400CB575F /* QuizView.swift in Sources */ = {isa = PBXBuildFile; fileRef = D8620D362BA4775400CB575F /* QuizView.swift */; };
		D8620D3B2BA47D4700CB575F /* ProgressBar.swift in Sources */ = {isa = PBXBuildFile; fileRef = D8620D3A2BA47D4700CB575F /* ProgressBar.swift */; };
		D8620D3D2BA47F0E00CB575F /* QuizViewModel.swift in Sources */ = {isa = PBXBuildFile; fileRef = D8620D3C2BA47F0E00CB575F /* QuizViewModel.swift */; };
		D8620D3F2BA4807300CB575F /* QuestionsRepository.swift in Sources */ = {isa = PBXBuildFile; fileRef = D8620D3E2BA4807300CB575F /* QuestionsRepository.swift */; };
		D8A78E4D2BA4C0B30055F96F /* questions.json in Resources */ = {isa = PBXBuildFile; fileRef = D8A78E4C2BA4C0B30055F96F /* questions.json */; };
		D8A78E4F2BA4C52E0055F96F /* QuestionsRepositoryImplTest.swift in Sources */ = {isa = PBXBuildFile; fileRef = D8A78E4E2BA4C52E0055F96F /* QuestionsRepositoryImplTest.swift */; };
/* End PBXBuildFile section */

/* Begin PBXContainerItemProxy section */
		D8620D182BA474D300CB575F /* PBXContainerItemProxy */ = {
			isa = PBXContainerItemProxy;
			containerPortal = D8620CFF2BA474D100CB575F /* Project object */;
			proxyType = 1;
			remoteGlobalIDString = D8620D062BA474D100CB575F;
			remoteInfo = quizeapp;
		};
		D8620D222BA474D300CB575F /* PBXContainerItemProxy */ = {
			isa = PBXContainerItemProxy;
			containerPortal = D8620CFF2BA474D100CB575F /* Project object */;
			proxyType = 1;
			remoteGlobalIDString = D8620D062BA474D100CB575F;
			remoteInfo = quizeapp;
		};
/* End PBXContainerItemProxy section */

/* Begin PBXFileReference section */
		D8620D072BA474D100CB575F /* quizeapp.app */ = {isa = PBXFileReference; explicitFileType = wrapper.application; includeInIndex = 0; path = quizeapp.app; sourceTree = BUILT_PRODUCTS_DIR; };
		D8620D0A2BA474D100CB575F /* quizeappApp.swift */ = {isa = PBXFileReference; lastKnownFileType = sourcecode.swift; path = quizeappApp.swift; sourceTree = "<group>"; };
		D8620D0C2BA474D100CB575F /* ContentView.swift */ = {isa = PBXFileReference; lastKnownFileType = sourcecode.swift; path = ContentView.swift; sourceTree = "<group>"; };
		D8620D0E2BA474D300CB575F /* Assets.xcassets */ = {isa = PBXFileReference; lastKnownFileType = folder.assetcatalog; path = Assets.xcassets; sourceTree = "<group>"; };
		D8620D112BA474D300CB575F /* Preview Assets.xcassets */ = {isa = PBXFileReference; lastKnownFileType = folder.assetcatalog; path = "Preview Assets.xcassets"; sourceTree = "<group>"; };
		D8620D172BA474D300CB575F /* quizeappTests.xctest */ = {isa = PBXFileReference; explicitFileType = wrapper.cfbundle; includeInIndex = 0; path = quizeappTests.xctest; sourceTree = BUILT_PRODUCTS_DIR; };
		D8620D1B2BA474D300CB575F /* quizeappTests.swift */ = {isa = PBXFileReference; lastKnownFileType = sourcecode.swift; path = quizeappTests.swift; sourceTree = "<group>"; };
		D8620D212BA474D300CB575F /* quizeappUITests.xctest */ = {isa = PBXFileReference; explicitFileType = wrapper.cfbundle; includeInIndex = 0; path = quizeappUITests.xctest; sourceTree = BUILT_PRODUCTS_DIR; };
		D8620D252BA474D300CB575F /* quizeappUITests.swift */ = {isa = PBXFileReference; lastKnownFileType = sourcecode.swift; path = quizeappUITests.swift; sourceTree = "<group>"; };
		D8620D272BA474D300CB575F /* quizeappUITestsLaunchTests.swift */ = {isa = PBXFileReference; lastKnownFileType = sourcecode.swift; path = quizeappUITestsLaunchTests.swift; sourceTree = "<group>"; };
		D8620D342BA476DE00CB575F /* Question.swift */ = {isa = PBXFileReference; lastKnownFileType = sourcecode.swift; path = Question.swift; sourceTree = "<group>"; };
		D8620D362BA4775400CB575F /* QuizView.swift */ = {isa = PBXFileReference; lastKnownFileType = sourcecode.swift; path = QuizView.swift; sourceTree = "<group>"; };
		D8620D3A2BA47D4700CB575F /* ProgressBar.swift */ = {isa = PBXFileReference; lastKnownFileType = sourcecode.swift; path = ProgressBar.swift; sourceTree = "<group>"; };
		D8620D3C2BA47F0E00CB575F /* QuizViewModel.swift */ = {isa = PBXFileReference; lastKnownFileType = sourcecode.swift; path = QuizViewModel.swift; sourceTree = "<group>"; };
		D8620D3E2BA4807300CB575F /* QuestionsRepository.swift */ = {isa = PBXFileReference; lastKnownFileType = sourcecode.swift; path = QuestionsRepository.swift; sourceTree = "<group>"; };
		D8A78E4C2BA4C0B30055F96F /* questions.json */ = {isa = PBXFileReference; lastKnownFileType = text.json; path = questions.json; sourceTree = "<group>"; };
		D8A78E4E2BA4C52E0055F96F /* QuestionsRepositoryImplTest.swift */ = {isa = PBXFileReference; lastKnownFileType = sourcecode.swift; path = QuestionsRepositoryImplTest.swift; sourceTree = "<group>"; };
/* End PBXFileReference section */

/* Begin PBXFrameworksBuildPhase section */
		D8620D042BA474D100CB575F /* Frameworks */ = {
			isa = PBXFrameworksBuildPhase;
			buildActionMask = 2147483647;
			files = (
			);
			runOnlyForDeploymentPostprocessing = 0;
		};
		D8620D142BA474D300CB575F /* Frameworks */ = {
			isa = PBXFrameworksBuildPhase;
			buildActionMask = 2147483647;
			files = (
			);
			runOnlyForDeploymentPostprocessing = 0;
		};
		D8620D1E2BA474D300CB575F /* Frameworks */ = {
			isa = PBXFrameworksBuildPhase;
			buildActionMask = 2147483647;
			files = (
			);
			runOnlyForDeploymentPostprocessing = 0;
		};
/* End PBXFrameworksBuildPhase section */

/* Begin PBXGroup section */
		D8620CFE2BA474D100CB575F = {
			isa = PBXGroup;
			children = (
				D8620D092BA474D100CB575F /* quizeapp */,
				D8620D1A2BA474D300CB575F /* quizeappTests */,
				D8620D242BA474D300CB575F /* quizeappUITests */,
				D8620D082BA474D100CB575F /* Products */,
			);
			sourceTree = "<group>";
		};
		D8620D082BA474D100CB575F /* Products */ = {
			isa = PBXGroup;
			children = (
				D8620D072BA474D100CB575F /* quizeapp.app */,
				D8620D172BA474D300CB575F /* quizeappTests.xctest */,
				D8620D212BA474D300CB575F /* quizeappUITests.xctest */,
			);
			name = Products;
			sourceTree = "<group>";
		};
		D8620D092BA474D100CB575F /* quizeapp */ = {
			isa = PBXGroup;
			children = (
				D8A78E4B2BA4C0090055F96F /* Resources */,
				D8620D442BA48E7000CB575F /* VViews */,
				D8620D432BA48E0100CB575F /* Data */,
				D8620D412BA48DCF00CB575F /* VViewModels */,
				D8620D402BA48DB900CB575F /* Models */,
				D8620D0A2BA474D100CB575F /* quizeappApp.swift */,
				D8620D0E2BA474D300CB575F /* Assets.xcassets */,
				D8620D102BA474D300CB575F /* Preview Content */,
			);
			path = quizeapp;
			sourceTree = "<group>";
		};
		D8620D102BA474D300CB575F /* Preview Content */ = {
			isa = PBXGroup;
			children = (
				D8620D112BA474D300CB575F /* Preview Assets.xcassets */,
			);
			path = "Preview Content";
			sourceTree = "<group>";
		};
		D8620D1A2BA474D300CB575F /* quizeappTests */ = {
			isa = PBXGroup;
			children = (
				D8620D1B2BA474D300CB575F /* quizeappTests.swift */,
				D8A78E4E2BA4C52E0055F96F /* QuestionsRepositoryImplTest.swift */,
			);
			path = quizeappTests;
			sourceTree = "<group>";
		};
		D8620D242BA474D300CB575F /* quizeappUITests */ = {
			isa = PBXGroup;
			children = (
				D8620D252BA474D300CB575F /* quizeappUITests.swift */,
				D8620D272BA474D300CB575F /* quizeappUITestsLaunchTests.swift */,
			);
			path = quizeappUITests;
			sourceTree = "<group>";
		};
		D8620D402BA48DB900CB575F /* Models */ = {
			isa = PBXGroup;
			children = (
				D8620D342BA476DE00CB575F /* Question.swift */,
			);
			path = Models;
			sourceTree = "<group>";
		};
		D8620D412BA48DCF00CB575F /* VViewModels */ = {
			isa = PBXGroup;
			children = (
				D8620D3C2BA47F0E00CB575F /* QuizViewModel.swift */,
			);
			path = VViewModels;
			sourceTree = "<group>";
		};
		D8620D432BA48E0100CB575F /* Data */ = {
			isa = PBXGroup;
			children = (
				D8620D3E2BA4807300CB575F /* QuestionsRepository.swift */,
			);
			path = Data;
			sourceTree = "<group>";
		};
		D8620D442BA48E7000CB575F /* VViews */ = {
			isa = PBXGroup;
			children = (
				D8620D0C2BA474D100CB575F /* ContentView.swift */,
				D8620D3A2BA47D4700CB575F /* ProgressBar.swift */,
				D8620D362BA4775400CB575F /* QuizView.swift */,
			);
			path = VViews;
			sourceTree = "<group>";
		};
		D8A78E4B2BA4C0090055F96F /* Resources */ = {
			isa = PBXGroup;
			children = (
				D8A78E4C2BA4C0B30055F96F /* questions.json */,
			);
			path = Resources;
			sourceTree = "<group>";
		};
/* End PBXGroup section */

/* Begin PBXNativeTarget section */
		D8620D062BA474D100CB575F /* quizeapp */ = {
			isa = PBXNativeTarget;
			buildConfigurationList = D8620D2B2BA474D300CB575F /* Build configuration list for PBXNativeTarget "quizeapp" */;
			buildPhases = (
				D8620D032BA474D100CB575F /* Sources */,
				D8620D042BA474D100CB575F /* Frameworks */,
				D8620D052BA474D100CB575F /* Resources */,
			);
			buildRules = (
			);
			dependencies = (
			);
			name = quizeapp;
			productName = quizeapp;
			productReference = D8620D072BA474D100CB575F /* quizeapp.app */;
			productType = "com.apple.product-type.application";
		};
		D8620D162BA474D300CB575F /* quizeappTests */ = {
			isa = PBXNativeTarget;
			buildConfigurationList = D8620D2E2BA474D300CB575F /* Build configuration list for PBXNativeTarget "quizeappTests" */;
			buildPhases = (
				D8620D132BA474D300CB575F /* Sources */,
				D8620D142BA474D300CB575F /* Frameworks */,
				D8620D152BA474D300CB575F /* Resources */,
			);
			buildRules = (
			);
			dependencies = (
				D8620D192BA474D300CB575F /* PBXTargetDependency */,
			);
			name = quizeappTests;
			productName = quizeappTests;
			productReference = D8620D172BA474D300CB575F /* quizeappTests.xctest */;
			productType = "com.apple.product-type.bundle.unit-test";
		};
		D8620D202BA474D300CB575F /* quizeappUITests */ = {
			isa = PBXNativeTarget;
			buildConfigurationList = D8620D312BA474D300CB575F /* Build configuration list for PBXNativeTarget "quizeappUITests" */;
			buildPhases = (
				D8620D1D2BA474D300CB575F /* Sources */,
				D8620D1E2BA474D300CB575F /* Frameworks */,
				D8620D1F2BA474D300CB575F /* Resources */,
			);
			buildRules = (
			);
			dependencies = (
				D8620D232BA474D300CB575F /* PBXTargetDependency */,
			);
			name = quizeappUITests;
			productName = quizeappUITests;
			productReference = D8620D212BA474D300CB575F /* quizeappUITests.xctest */;
			productType = "com.apple.product-type.bundle.ui-testing";
		};
/* End PBXNativeTarget section */

/* Begin PBXProject section */
		D8620CFF2BA474D100CB575F /* Project object */ = {
			isa = PBXProject;
			attributes = {
				BuildIndependentTargetsInParallel = 1;
				LastSwiftUpdateCheck = 1520;
				LastUpgradeCheck = 1520;
				TargetAttributes = {
					D8620D062BA474D100CB575F = {
						CreatedOnToolsVersion = 15.2;
					};
					D8620D162BA474D300CB575F = {
						CreatedOnToolsVersion = 15.2;
						TestTargetID = D8620D062BA474D100CB575F;
					};
					D8620D202BA474D300CB575F = {
						CreatedOnToolsVersion = 15.2;
						TestTargetID = D8620D062BA474D100CB575F;
					};
				};
			};
			buildConfigurationList = D8620D022BA474D100CB575F /* Build configuration list for PBXProject "quizeapp" */;
			compatibilityVersion = "Xcode 14.0";
			developmentRegion = en;
			hasScannedForEncodings = 0;
			knownRegions = (
				en,
				Base,
			);
			mainGroup = D8620CFE2BA474D100CB575F;
			productRefGroup = D8620D082BA474D100CB575F /* Products */;
			projectDirPath = "";
			projectRoot = "";
			targets = (
				D8620D062BA474D100CB575F /* quizeapp */,
				D8620D162BA474D300CB575F /* quizeappTests */,
				D8620D202BA474D300CB575F /* quizeappUITests */,
			);
		};
/* End PBXProject section */

/* Begin PBXResourcesBuildPhase section */
		D8620D052BA474D100CB575F /* Resources */ = {
			isa = PBXResourcesBuildPhase;
			buildActionMask = 2147483647;
			files = (
				D8A78E4D2BA4C0B30055F96F /* questions.json in Resources */,
				D8620D122BA474D300CB575F /* Preview Assets.xcassets in Resources */,
				D8620D0F2BA474D300CB575F /* Assets.xcassets in Resources */,
			);
			runOnlyForDeploymentPostprocessing = 0;
		};
		D8620D152BA474D300CB575F /* Resources */ = {
			isa = PBXResourcesBuildPhase;
			buildActionMask = 2147483647;
			files = (
			);
			runOnlyForDeploymentPostprocessing = 0;
		};
		D8620D1F2BA474D300CB575F /* Resources */ = {
			isa = PBXResourcesBuildPhase;
			buildActionMask = 2147483647;
			files = (
			);
			runOnlyForDeploymentPostprocessing = 0;
		};
/* End PBXResourcesBuildPhase section */

/* Begin PBXSourcesBuildPhase section */
		D8620D032BA474D100CB575F /* Sources */ = {
			isa = PBXSourcesBuildPhase;
			buildActionMask = 2147483647;
			files = (
				D8620D352BA476DE00CB575F /* Question.swift in Sources */,
				D8620D3D2BA47F0E00CB575F /* QuizViewModel.swift in Sources */,
				D8620D372BA4775400CB575F /* QuizView.swift in Sources */,
				D8620D0D2BA474D100CB575F /* ContentView.swift in Sources */,
				D8620D3B2BA47D4700CB575F /* ProgressBar.swift in Sources */,
				D8620D0B2BA474D100CB575F /* quizeappApp.swift in Sources */,
				D8620D3F2BA4807300CB575F /* QuestionsRepository.swift in Sources */,
			);
			runOnlyForDeploymentPostprocessing = 0;
		};
		D8620D132BA474D300CB575F /* Sources */ = {
			isa = PBXSourcesBuildPhase;
			buildActionMask = 2147483647;
			files = (
				D8620D1C2BA474D300CB575F /* quizeappTests.swift in Sources */,
				D8A78E4F2BA4C52E0055F96F /* QuestionsRepositoryImplTest.swift in Sources */,
			);
			runOnlyForDeploymentPostprocessing = 0;
		};
		D8620D1D2BA474D300CB575F /* Sources */ = {
			isa = PBXSourcesBuildPhase;
			buildActionMask = 2147483647;
			files = (
				D8620D282BA474D300CB575F /* quizeappUITestsLaunchTests.swift in Sources */,
				D8620D262BA474D300CB575F /* quizeappUITests.swift in Sources */,
			);
			runOnlyForDeploymentPostprocessing = 0;
		};
/* End PBXSourcesBuildPhase section */

/* Begin PBXTargetDependency section */
		D8620D192BA474D300CB575F /* PBXTargetDependency */ = {
			isa = PBXTargetDependency;
			target = D8620D062BA474D100CB575F /* quizeapp */;
			targetProxy = D8620D182BA474D300CB575F /* PBXContainerItemProxy */;
		};
		D8620D232BA474D300CB575F /* PBXTargetDependency */ = {
			isa = PBXTargetDependency;
			target = D8620D062BA474D100CB575F /* quizeapp */;
			targetProxy = D8620D222BA474D300CB575F /* PBXContainerItemProxy */;
		};
/* End PBXTargetDependency section */

/* Begin XCBuildConfiguration section */
		D8620D292BA474D300CB575F /* Debug */ = {
			isa = XCBuildConfiguration;
			buildSettings = {
				ALWAYS_SEARCH_USER_PATHS = NO;
				ASSETCATALOG_COMPILER_GENERATE_SWIFT_ASSET_SYMBOL_EXTENSIONS = YES;
				CLANG_ANALYZER_NONNULL = YES;
				CLANG_ANALYZER_NUMBER_OBJECT_CONVERSION = YES_AGGRESSIVE;
				CLANG_CXX_LANGUAGE_STANDARD = "gnu++20";
				CLANG_ENABLE_MODULES = YES;
				CLANG_ENABLE_OBJC_ARC = YES;
				CLANG_ENABLE_OBJC_WEAK = YES;
				CLANG_WARN_BLOCK_CAPTURE_AUTORELEASING = YES;
				CLANG_WARN_BOOL_CONVERSION = YES;
				CLANG_WARN_COMMA = YES;
				CLANG_WARN_CONSTANT_CONVERSION = YES;
				CLANG_WARN_DEPRECATED_OBJC_IMPLEMENTATIONS = YES;
				CLANG_WARN_DIRECT_OBJC_ISA_USAGE = YES_ERROR;
				CLANG_WARN_DOCUMENTATION_COMMENTS = YES;
				CLANG_WARN_EMPTY_BODY = YES;
				CLANG_WARN_ENUM_CONVERSION = YES;
				CLANG_WARN_INFINITE_RECURSION = YES;
				CLANG_WARN_INT_CONVERSION = YES;
				CLANG_WARN_NON_LITERAL_NULL_CONVERSION = YES;
				CLANG_WARN_OBJC_IMPLICIT_RETAIN_SELF = YES;
				CLANG_WARN_OBJC_LITERAL_CONVERSION = YES;
				CLANG_WARN_OBJC_ROOT_CLASS = YES_ERROR;
				CLANG_WARN_QUOTED_INCLUDE_IN_FRAMEWORK_HEADER = YES;
				CLANG_WARN_RANGE_LOOP_ANALYSIS = YES;
				CLANG_WARN_STRICT_PROTOTYPES = YES;
				CLANG_WARN_SUSPICIOUS_MOVE = YES;
				CLANG_WARN_UNGUARDED_AVAILABILITY = YES_AGGRESSIVE;
				CLANG_WARN_UNREACHABLE_CODE = YES;
				CLANG_WARN__DUPLICATE_METHOD_MATCH = YES;
				COPY_PHASE_STRIP = NO;
				DEBUG_INFORMATION_FORMAT = dwarf;
				ENABLE_STRICT_OBJC_MSGSEND = YES;
				ENABLE_TESTABILITY = YES;
				ENABLE_USER_SCRIPT_SANDBOXING = YES;
				GCC_C_LANGUAGE_STANDARD = gnu17;
				GCC_DYNAMIC_NO_PIC = NO;
				GCC_NO_COMMON_BLOCKS = YES;
				GCC_OPTIMIZATION_LEVEL = 0;
				GCC_PREPROCESSOR_DEFINITIONS = (
					"DEBUG=1",
					"$(inherited)",
				);
				GCC_WARN_64_TO_32_BIT_CONVERSION = YES;
				GCC_WARN_ABOUT_RETURN_TYPE = YES_ERROR;
				GCC_WARN_UNDECLARED_SELECTOR = YES;
				GCC_WARN_UNINITIALIZED_AUTOS = YES_AGGRESSIVE;
				GCC_WARN_UNUSED_FUNCTION = YES;
				GCC_WARN_UNUSED_VARIABLE = YES;
				IPHONEOS_DEPLOYMENT_TARGET = 17.2;
				LOCALIZATION_PREFERS_STRING_CATALOGS = YES;
				MTL_ENABLE_DEBUG_INFO = INCLUDE_SOURCE;
				MTL_FAST_MATH = YES;
				ONLY_ACTIVE_ARCH = YES;
				SDKROOT = iphoneos;
				SWIFT_ACTIVE_COMPILATION_CONDITIONS = "DEBUG $(inherited)";
				SWIFT_OPTIMIZATION_LEVEL = "-Onone";
			};
			name = Debug;
		};
		D8620D2A2BA474D300CB575F /* Release */ = {
			isa = XCBuildConfiguration;
			buildSettings = {
				ALWAYS_SEARCH_USER_PATHS = NO;
				ASSETCATALOG_COMPILER_GENERATE_SWIFT_ASSET_SYMBOL_EXTENSIONS = YES;
				CLANG_ANALYZER_NONNULL = YES;
				CLANG_ANALYZER_NUMBER_OBJECT_CONVERSION = YES_AGGRESSIVE;
				CLANG_CXX_LANGUAGE_STANDARD = "gnu++20";
				CLANG_ENABLE_MODULES = YES;
				CLANG_ENABLE_OBJC_ARC = YES;
				CLANG_ENABLE_OBJC_WEAK = YES;
				CLANG_WARN_BLOCK_CAPTURE_AUTORELEASING = YES;
				CLANG_WARN_BOOL_CONVERSION = YES;
				CLANG_WARN_COMMA = YES;
				CLANG_WARN_CONSTANT_CONVERSION = YES;
				CLANG_WARN_DEPRECATED_OBJC_IMPLEMENTATIONS = YES;
				CLANG_WARN_DIRECT_OBJC_ISA_USAGE = YES_ERROR;
				CLANG_WARN_DOCUMENTATION_COMMENTS = YES;
				CLANG_WARN_EMPTY_BODY = YES;
				CLANG_WARN_ENUM_CONVERSION = YES;
				CLANG_WARN_INFINITE_RECURSION = YES;
				CLANG_WARN_INT_CONVERSION = YES;
				CLANG_WARN_NON_LITERAL_NULL_CONVERSION = YES;
				CLANG_WARN_OBJC_IMPLICIT_RETAIN_SELF = YES;
				CLANG_WARN_OBJC_LITERAL_CONVERSION = YES;
				CLANG_WARN_OBJC_ROOT_CLASS = YES_ERROR;
				CLANG_WARN_QUOTED_INCLUDE_IN_FRAMEWORK_HEADER = YES;
				CLANG_WARN_RANGE_LOOP_ANALYSIS = YES;
				CLANG_WARN_STRICT_PROTOTYPES = YES;
				CLANG_WARN_SUSPICIOUS_MOVE = YES;
				CLANG_WARN_UNGUARDED_AVAILABILITY = YES_AGGRESSIVE;
				CLANG_WARN_UNREACHABLE_CODE = YES;
				CLANG_WARN__DUPLICATE_METHOD_MATCH = YES;
				COPY_PHASE_STRIP = NO;
				DEBUG_INFORMATION_FORMAT = "dwarf-with-dsym";
				ENABLE_NS_ASSERTIONS = NO;
				ENABLE_STRICT_OBJC_MSGSEND = YES;
				ENABLE_USER_SCRIPT_SANDBOXING = YES;
				GCC_C_LANGUAGE_STANDARD = gnu17;
				GCC_NO_COMMON_BLOCKS = YES;
				GCC_WARN_64_TO_32_BIT_CONVERSION = YES;
				GCC_WARN_ABOUT_RETURN_TYPE = YES_ERROR;
				GCC_WARN_UNDECLARED_SELECTOR = YES;
				GCC_WARN_UNINITIALIZED_AUTOS = YES_AGGRESSIVE;
				GCC_WARN_UNUSED_FUNCTION = YES;
				GCC_WARN_UNUSED_VARIABLE = YES;
				IPHONEOS_DEPLOYMENT_TARGET = 17.2;
				LOCALIZATION_PREFERS_STRING_CATALOGS = YES;
				MTL_ENABLE_DEBUG_INFO = NO;
				MTL_FAST_MATH = YES;
				SDKROOT = iphoneos;
				SWIFT_COMPILATION_MODE = wholemodule;
				VALIDATE_PRODUCT = YES;
			};
			name = Release;
		};
		D8620D2C2BA474D300CB575F /* Debug */ = {
			isa = XCBuildConfiguration;
			buildSettings = {
				ASSETCATALOG_COMPILER_APPICON_NAME = AppIcon;
				ASSETCATALOG_COMPILER_GLOBAL_ACCENT_COLOR_NAME = AccentColor;
				CODE_SIGN_STYLE = Automatic;
				CURRENT_PROJECT_VERSION = 1;
				DEVELOPMENT_ASSET_PATHS = "\"quizeapp/Preview Content\"";
				ENABLE_PREVIEWS = YES;
				GENERATE_INFOPLIST_FILE = YES;
				INFOPLIST_KEY_UIApplicationSceneManifest_Generation = YES;
				INFOPLIST_KEY_UIApplicationSupportsIndirectInputEvents = YES;
				INFOPLIST_KEY_UILaunchScreen_Generation = YES;
				INFOPLIST_KEY_UISupportedInterfaceOrientations_iPad = "UIInterfaceOrientationPortrait UIInterfaceOrientationPortraitUpsideDown UIInterfaceOrientationLandscapeLeft UIInterfaceOrientationLandscapeRight";
				INFOPLIST_KEY_UISupportedInterfaceOrientations_iPhone = "UIInterfaceOrientationPortrait UIInterfaceOrientationLandscapeLeft UIInterfaceOrientationLandscapeRight";
				LD_RUNPATH_SEARCH_PATHS = (
					"$(inherited)",
					"@executable_path/Frameworks",
				);
				MARKETING_VERSION = 1.0;
				PRODUCT_BUNDLE_IDENTIFIER = com.neogov.quizeapp;
				PRODUCT_NAME = "$(TARGET_NAME)";
				SWIFT_EMIT_LOC_STRINGS = YES;
				SWIFT_VERSION = 5.0;
				TARGETED_DEVICE_FAMILY = "1,2";
			};
			name = Debug;
		};
		D8620D2D2BA474D300CB575F /* Release */ = {
			isa = XCBuildConfiguration;
			buildSettings = {
				ASSETCATALOG_COMPILER_APPICON_NAME = AppIcon;
				ASSETCATALOG_COMPILER_GLOBAL_ACCENT_COLOR_NAME = AccentColor;
				CODE_SIGN_STYLE = Automatic;
				CURRENT_PROJECT_VERSION = 1;
				DEVELOPMENT_ASSET_PATHS = "\"quizeapp/Preview Content\"";
				ENABLE_PREVIEWS = YES;
				GENERATE_INFOPLIST_FILE = YES;
				INFOPLIST_KEY_UIApplicationSceneManifest_Generation = YES;
				INFOPLIST_KEY_UIApplicationSupportsIndirectInputEvents = YES;
				INFOPLIST_KEY_UILaunchScreen_Generation = YES;
				INFOPLIST_KEY_UISupportedInterfaceOrientations_iPad = "UIInterfaceOrientationPortrait UIInterfaceOrientationPortraitUpsideDown UIInterfaceOrientationLandscapeLeft UIInterfaceOrientationLandscapeRight";
				INFOPLIST_KEY_UISupportedInterfaceOrientations_iPhone = "UIInterfaceOrientationPortrait UIInterfaceOrientationLandscapeLeft UIInterfaceOrientationLandscapeRight";
				LD_RUNPATH_SEARCH_PATHS = (
					"$(inherited)",
					"@executable_path/Frameworks",
				);
				MARKETING_VERSION = 1.0;
				PRODUCT_BUNDLE_IDENTIFIER = com.neogov.quizeapp;
				PRODUCT_NAME = "$(TARGET_NAME)";
				SWIFT_EMIT_LOC_STRINGS = YES;
				SWIFT_VERSION = 5.0;
				TARGETED_DEVICE_FAMILY = "1,2";
			};
			name = Release;
		};
		D8620D2F2BA474D300CB575F /* Debug */ = {
			isa = XCBuildConfiguration;
			buildSettings = {
				ALWAYS_EMBED_SWIFT_STANDARD_LIBRARIES = YES;
				BUNDLE_LOADER = "$(TEST_HOST)";
				CODE_SIGN_STYLE = Automatic;
				CURRENT_PROJECT_VERSION = 1;
				GENERATE_INFOPLIST_FILE = YES;
				IPHONEOS_DEPLOYMENT_TARGET = 17.2;
				MARKETING_VERSION = 1.0;
				PRODUCT_BUNDLE_IDENTIFIER = com.neogov.quizeappTests;
				PRODUCT_NAME = "$(TARGET_NAME)";
				SWIFT_EMIT_LOC_STRINGS = NO;
				SWIFT_VERSION = 5.0;
				TARGETED_DEVICE_FAMILY = "1,2";
				TEST_HOST = "$(BUILT_PRODUCTS_DIR)/quizeapp.app/$(BUNDLE_EXECUTABLE_FOLDER_PATH)/quizeapp";
			};
			name = Debug;
		};
		D8620D302BA474D300CB575F /* Release */ = {
			isa = XCBuildConfiguration;
			buildSettings = {
				ALWAYS_EMBED_SWIFT_STANDARD_LIBRARIES = YES;
				BUNDLE_LOADER = "$(TEST_HOST)";
				CODE_SIGN_STYLE = Automatic;
				CURRENT_PROJECT_VERSION = 1;
				GENERATE_INFOPLIST_FILE = YES;
				IPHONEOS_DEPLOYMENT_TARGET = 17.2;
				MARKETING_VERSION = 1.0;
				PRODUCT_BUNDLE_IDENTIFIER = com.neogov.quizeappTests;
				PRODUCT_NAME = "$(TARGET_NAME)";
				SWIFT_EMIT_LOC_STRINGS = NO;
				SWIFT_VERSION = 5.0;
				TARGETED_DEVICE_FAMILY = "1,2";
				TEST_HOST = "$(BUILT_PRODUCTS_DIR)/quizeapp.app/$(BUNDLE_EXECUTABLE_FOLDER_PATH)/quizeapp";
			};
			name = Release;
		};
		D8620D322BA474D300CB575F /* Debug */ = {
			isa = XCBuildConfiguration;
			buildSettings = {
				ALWAYS_EMBED_SWIFT_STANDARD_LIBRARIES = YES;
				CODE_SIGN_STYLE = Automatic;
				CURRENT_PROJECT_VERSION = 1;
				GENERATE_INFOPLIST_FILE = YES;
				MARKETING_VERSION = 1.0;
				PRODUCT_BUNDLE_IDENTIFIER = com.neogov.quizeappUITests;
				PRODUCT_NAME = "$(TARGET_NAME)";
				SWIFT_EMIT_LOC_STRINGS = NO;
				SWIFT_VERSION = 5.0;
				TARGETED_DEVICE_FAMILY = "1,2";
				TEST_TARGET_NAME = quizeapp;
			};
			name = Debug;
		};
		D8620D332BA474D300CB575F /* Release */ = {
			isa = XCBuildConfiguration;
			buildSettings = {
				ALWAYS_EMBED_SWIFT_STANDARD_LIBRARIES = YES;
				CODE_SIGN_STYLE = Automatic;
				CURRENT_PROJECT_VERSION = 1;
				GENERATE_INFOPLIST_FILE = YES;
				MARKETING_VERSION = 1.0;
				PRODUCT_BUNDLE_IDENTIFIER = com.neogov.quizeappUITests;
				PRODUCT_NAME = "$(TARGET_NAME)";
				SWIFT_EMIT_LOC_STRINGS = NO;
				SWIFT_VERSION = 5.0;
				TARGETED_DEVICE_FAMILY = "1,2";
				TEST_TARGET_NAME = quizeapp;
			};
			name = Release;
		};
/* End XCBuildConfiguration section */

/* Begin XCConfigurationList section */
		D8620D022BA474D100CB575F /* Build configuration list for PBXProject "quizeapp" */ = {
			isa = XCConfigurationList;
			buildConfigurations = (
				D8620D292BA474D300CB575F /* Debug */,
				D8620D2A2BA474D300CB575F /* Release */,
			);
			defaultConfigurationIsVisible = 0;
			defaultConfigurationName = Release;
		};
		D8620D2B2BA474D300CB575F /* Build configuration list for PBXNativeTarget "quizeapp" */ = {
			isa = XCConfigurationList;
			buildConfigurations = (
				D8620D2C2BA474D300CB575F /* Debug */,
				D8620D2D2BA474D300CB575F /* Release */,
			);
			defaultConfigurationIsVisible = 0;
			defaultConfigurationName = Release;
		};
		D8620D2E2BA474D300CB575F /* Build configuration list for PBXNativeTarget "quizeappTests" */ = {
			isa = XCConfigurationList;
			buildConfigurations = (
				D8620D2F2BA474D300CB575F /* Debug */,
				D8620D302BA474D300CB575F /* Release */,
			);
			defaultConfigurationIsVisible = 0;
			defaultConfigurationName = Release;
		};
		D8620D312BA474D300CB575F /* Build configuration list for PBXNativeTarget "quizeappUITests" */ = {
			isa = XCConfigurationList;
			buildConfigurations = (
				D8620D322BA474D300CB575F /* Debug */,
				D8620D332BA474D300CB575F /* Release */,
			);
			defaultConfigurationIsVisible = 0;
			defaultConfigurationName = Release;
		};
/* End XCConfigurationList section */
	};
	rootObject = D8620CFF2BA474D100CB575F /* Project object */;
}
